
Microsoft Visual Studio Solution File, Format Version 12.00
# Visual Studio Version 16
VisualStudioVersion = 16.0.30413.136
MinimumVisualStudioVersion = 10.0.40219.1
Project("{FAE04EC0-301F-11D3-BF4B-00C04F79EFBC}") = "PS213020_Server", "PS213020_Server\PS213020_Server.csproj", "{23A033F4-B7F6-4139-8613-3E5C7A456427}"
EndProject
Project("{2150E333-8FDC-42A3-9474-1A3956D46DE8}") = "API", "API", "{ED65C1C1-97BF-40E2-BA13-D95672379CC4}"
EndProject
Project("{2150E333-8FDC-42A3-9474-1A3956D46DE8}") = "BusinessLogic", "BusinessLogic", "{3672FA38-E726-47C0-BC3F-8CBE083D9E46}"
EndProject
Project("{2150E333-8FDC-42A3-9474-1A3956D46DE8}") = "DataAccess", "DataAccess", "{ACE7E2A5-71BE-4F0C-8EAE-2FE9E57B5574}"
EndProject
Project("{FAE04EC0-301F-11D3-BF4B-00C04F79EFBC}") = "PS213020_Server.Core", "PS213020_Server.Core\PS213020_Server.Core.csproj", "{1EB9EB45-AC84-4B39-A85F-CF7D79255EE8}"
EndProject
Project("{FAE04EC0-301F-11D3-BF4B-00C04F79EFBC}") = "PS213020_Server.BussinessLogic", "PS213020_Server.BussinessLogic\PS213020_Server.BussinessLogic.csproj", "{F00820EF-C02B-4B00-A9B5-9F9AD0D269ED}"
EndProject
Project("{FAE04EC0-301F-11D3-BF4B-00C04F79EFBC}") = "PS213020_Server.BussinessLogic.Core", "PS213020_Server.BussinessLogic.Core\PS213020_Server.BussinessLogic.Core.csproj", "{E3BFB6D8-18D3-4718-A237-E8A5F3E3E0D9}"
EndProject
Project("{FAE04EC0-301F-11D3-BF4B-00C04F79EFBC}") = "PS213020_Server.DataAccess", "PS213020_Server.DataAccess\PS213020_Server.DataAccess.csproj", "{80E1D678-D7B4-4DF2-8DFD-4CB258F449A0}"
EndProject
Project("{FAE04EC0-301F-11D3-BF4B-00C04F79EFBC}") = "PS213020_Server.DataAccess.Core", "PS213020_Server.DataAccess.Core\PS213020_Server.DataAccess.Core.csproj", "{F9FD631F-DEAB-4BDA-9B33-6EC2D48D0937}"
EndProject
Project("{2150E333-8FDC-42A3-9474-1A3956D46DE8}") = "Shared", "Shared", "{F5A88263-B3FF-4C50-BECD-A5758DE4AB79}"
EndProject
Project("{FAE04EC0-301F-11D3-BF4B-00C04F79EFBC}") = "PS213020_Server.Shared", "PS213020_Server.Shared\PS213020_Server.Shared.csproj", "{6D11EA9C-D94B-41FE-BD55-45F798B6E3A3}"
EndProject
Global
	GlobalSection(SolutionConfigurationPlatforms) = preSolution
		Debug|Any CPU = Debug|Any CPU
		Release|Any CPU = Release|Any CPU
	EndGlobalSection
	GlobalSection(ProjectConfigurationPlatforms) = postSolution
		{23A033F4-B7F6-4139-8613-3E5C7A456427}.Debug|Any CPU.ActiveCfg = Debug|Any CPU
		{23A033F4-B7F6-4139-8613-3E5C7A456427}.Debug|Any CPU.Build.0 = Debug|Any CPU
		{23A033F4-B7F6-4139-8613-3E5C7A456427}.Release|Any CPU.ActiveCfg = Release|Any CPU
		{23A033F4-B7F6-4139-8613-3E5C7A456427}.Release|Any CPU.Build.0 = Release|Any CPU
		{1EB9EB45-AC84-4B39-A85F-CF7D79255EE8}.Debug|Any CPU.ActiveCfg = Debug|Any CPU
		{1EB9EB45-AC84-4B39-A85F-CF7D79255EE8}.Debug|Any CPU.Build.0 = Debug|Any CPU
		{1EB9EB45-AC84-4B39-A85F-CF7D79255EE8}.Release|Any CPU.ActiveCfg = Release|Any CPU
		{1EB9EB45-AC84-4B39-A85F-CF7D79255EE8}.Release|Any CPU.Build.0 = Release|Any CPU
		{F00820EF-C02B-4B00-A9B5-9F9AD0D269ED}.Debug|Any CPU.ActiveCfg = Debug|Any CPU
		{F00820EF-C02B-4B00-A9B5-9F9AD0D269ED}.Debug|Any CPU.Build.0 = Debug|Any CPU
		{F00820EF-C02B-4B00-A9B5-9F9AD0D269ED}.Release|Any CPU.ActiveCfg = Release|Any CPU
		{F00820EF-C02B-4B00-A9B5-9F9AD0D269ED}.Release|Any CPU.Build.0 = Release|Any CPU
		{E3BFB6D8-18D3-4718-A237-E8A5F3E3E0D9}.Debug|Any CPU.ActiveCfg = Debug|Any CPU
		{E3BFB6D8-18D3-4718-A237-E8A5F3E3E0D9}.Debug|Any CPU.Build.0 = Debug|Any CPU
		{E3BFB6D8-18D3-4718-A237-E8A5F3E3E0D9}.Release|Any CPU.ActiveCfg = Release|Any CPU
		{E3BFB6D8-18D3-4718-A237-E8A5F3E3E0D9}.Release|Any CPU.Build.0 = Release|Any CPU
		{80E1D678-D7B4-4DF2-8DFD-4CB258F449A0}.Debug|Any CPU.ActiveCfg = Debug|Any CPU
		{80E1D678-D7B4-4DF2-8DFD-4CB258F449A0}.Debug|Any CPU.Build.0 = Debug|Any CPU
		{80E1D678-D7B4-4DF2-8DFD-4CB258F449A0}.Release|Any CPU.ActiveCfg = Release|Any CPU
		{80E1D678-D7B4-4DF2-8DFD-4CB258F449A0}.Release|Any CPU.Build.0 = Release|Any CPU
		{F9FD631F-DEAB-4BDA-9B33-6EC2D48D0937}.Debug|Any CPU.ActiveCfg = Debug|Any CPU
		{F9FD631F-DEAB-4BDA-9B33-6EC2D48D0937}.Debug|Any CPU.Build.0 = Debug|Any CPU
		{F9FD631F-DEAB-4BDA-9B33-6EC2D48D0937}.Release|Any CPU.ActiveCfg = Release|Any CPU
		{F9FD631F-DEAB-4BDA-9B33-6EC2D48D0937}.Release|Any CPU.Build.0 = Release|Any CPU
		{6D11EA9C-D94B-41FE-BD55-45F798B6E3A3}.Debug|Any CPU.ActiveCfg = Debug|Any CPU
		{6D11EA9C-D94B-41FE-BD55-45F798B6E3A3}.Debug|Any CPU.Build.0 = Debug|Any CPU
		{6D11EA9C-D94B-41FE-BD55-45F798B6E3A3}.Release|Any CPU.ActiveCfg = Release|Any CPU
		{6D11EA9C-D94B-41FE-BD55-45F798B6E3A3}.Release|Any CPU.Build.0 = Release|Any CPU
	EndGlobalSection
	GlobalSection(SolutionProperties) = preSolution
		HideSolutionNode = FALSE
	EndGlobalSection
	GlobalSection(NestedProjects) = preSolution
		{23A033F4-B7F6-4139-8613-3E5C7A456427} = {ED65C1C1-97BF-40E2-BA13-D95672379CC4}
		{1EB9EB45-AC84-4B39-A85F-CF7D79255EE8} = {ED65C1C1-97BF-40E2-BA13-D95672379CC4}
		{F00820EF-C02B-4B00-A9B5-9F9AD0D269ED} = {3672FA38-E726-47C0-BC3F-8CBE083D9E46}
		{E3BFB6D8-18D3-4718-A237-E8A5F3E3E0D9} = {3672FA38-E726-47C0-BC3F-8CBE083D9E46}
		{80E1D678-D7B4-4DF2-8DFD-4CB258F449A0} = {ACE7E2A5-71BE-4F0C-8EAE-2FE9E57B5574}
		{F9FD631F-DEAB-4BDA-9B33-6EC2D48D0937} = {ACE7E2A5-71BE-4F0C-8EAE-2FE9E57B5574}
		{6D11EA9C-D94B-41FE-BD55-45F798B6E3A3} = {F5A88263-B3FF-4C50-BECD-A5758DE4AB79}
	EndGlobalSection
	GlobalSection(ExtensibilityGlobals) = postSolution
		SolutionGuid = {2D1BC1AC-93E0-445E-809E-A8B26E59EFDA}
	EndGlobalSection
EndGlobal
